
Microsoft Visual Studio Solution File, Format Version 12.00
# Visual Studio 15
VisualStudioVersion = 15.0.28010.2026
MinimumVisualStudioVersion = 10.0.40219.1
Project("{FAE04EC0-301F-11D3-BF4B-00C04F79EFBC}") = "DawnXZ.FileUtility", "DawnXZ.FileUtility\DawnXZ.FileUtility.csproj", "{45AF8A4D-B59D-4ED8-A12C-437200871662}"
EndProject
Project("{FAE04EC0-301F-11D3-BF4B-00C04F79EFBC}") = "DawnXZ.VerifyUtility", "DawnXZ.VerifyUtility\DawnXZ.VerifyUtility.csproj", "{AD3504F1-81BC-4C7C-9080-F7743365E9E3}"
EndProject
Project("{FAE04EC0-301F-11D3-BF4B-00C04F79EFBC}") = "DawnXZ.SafeUtility", "DawnXZ.SafeUtility\DawnXZ.SafeUtility.csproj", "{62D2FF77-B898-4D12-84F8-C9C57A6B4C52}"
EndProject
Project("{FAE04EC0-301F-11D3-BF4B-00C04F79EFBC}") = "DawnXZ.WebUtility", "DawnXZ.WebUtility\DawnXZ.WebUtility.csproj", "{D443811F-7D84-4E2C-AD51-9F87DFF18074}"
EndProject
Project("{FAE04EC0-301F-11D3-BF4B-00C04F79EFBC}") = "DawnXZ.PHYUtility", "DawnXZ.PHYUtility\DawnXZ.PHYUtility.csproj", "{A0EB99F0-2717-4837-BFC1-504192F7E474}"
EndProject
Project("{FAE04EC0-301F-11D3-BF4B-00C04F79EFBC}") = "DawnXZ.DBUtility.Mssql", "DawnXZ.DBUtility.Mssql\DawnXZ.DBUtility.Mssql.csproj", "{27B69A63-D564-4162-940C-741C218CAE38}"
EndProject
Project("{FAE04EC0-301F-11D3-BF4B-00C04F79EFBC}") = "DawnXZ.DBUtility.Sqlce", "DawnXZ.DBUtility.Sqlce\DawnXZ.DBUtility.Sqlce.csproj", "{82A03AA5-2F17-4427-AB02-52ABBD4A2489}"
EndProject
Project("{FAE04EC0-301F-11D3-BF4B-00C04F79EFBC}") = "DawnXZ.DBUtility.SQLite", "DawnXZ.DBUtility.SQLite\DawnXZ.DBUtility.SQLite.csproj", "{23CB010E-8131-45E2-99CF-69D55D0E65C2}"
EndProject
Project("{FAE04EC0-301F-11D3-BF4B-00C04F79EFBC}") = "DawnXZ.DBUtility.Oracle", "DawnXZ.DBUtility.Oracle\DawnXZ.DBUtility.Oracle.csproj", "{41281A82-435F-478D-BBDD-A861681DD790}"
EndProject
Project("{FAE04EC0-301F-11D3-BF4B-00C04F79EFBC}") = "DawnXZ.DBUtility.ODBC", "DawnXZ.DBUtility.ODBC\DawnXZ.DBUtility.ODBC.csproj", "{A29D068C-CDC5-49FB-8DB9-47B0E286F312}"
EndProject
Project("{FAE04EC0-301F-11D3-BF4B-00C04F79EFBC}") = "DawnXZ.FormUtility", "DawnXZ.FormUtility\DawnXZ.FormUtility.csproj", "{A8E07BD1-BE2C-4F5A-8887-7CE81067A39B}"
EndProject
Project("{FAE04EC0-301F-11D3-BF4B-00C04F79EFBC}") = "DawnXZ.DawnUtility", "DawnXZ.DawnUtility\DawnXZ.DawnUtility.csproj", "{DB3C18DB-7985-43D6-ACF3-D55C5E4D6E5A}"
EndProject
Project("{FAE04EC0-301F-11D3-BF4B-00C04F79EFBC}") = "DawnXZ.PagerUtility", "DawnXZ.PagerUtility\DawnXZ.PagerUtility.csproj", "{02D4891C-A58E-4A27-83FD-B4CD6A9791D9}"
EndProject
Project("{FAE04EC0-301F-11D3-BF4B-00C04F79EFBC}") = "DawnXZ.PluginsUtility", "DawnXZ.PluginsUtility\DawnXZ.PluginsUtility.csproj", "{029ED27D-20DC-4CD7-9A3A-0B203B2CE803}"
EndProject
Project("{FAE04EC0-301F-11D3-BF4B-00C04F79EFBC}") = "DawnXZ.FormUtility20", "DawnXZ.FormUtility20\DawnXZ.FormUtility20.csproj", "{F88CD432-40FC-4CAE-B37E-2F2E1DEB7DD6}"
EndProject
Project("{FAE04EC0-301F-11D3-BF4B-00C04F79EFBC}") = "DawnXZ.FileUtility20", "DawnXZ.FileUtility20\DawnXZ.FileUtility20.csproj", "{E7B0481B-172C-4115-B33D-FF7C231E81EE}"
EndProject
Project("{FAE04EC0-301F-11D3-BF4B-00C04F79EFBC}") = "DawnXZ.PHYUtility20", "DawnXZ.PHYUtility20\DawnXZ.PHYUtility20.csproj", "{721BD0CE-89C1-4454-890A-B6350AFA9A5E}"
EndProject
Project("{FAE04EC0-301F-11D3-BF4B-00C04F79EFBC}") = "DawnXZ.DawnUtility20", "DawnXZ.DawnUtility20\DawnXZ.DawnUtility20.csproj", "{6ADC8325-A4C2-4CEE-91A6-48C79A39D7AC}"
EndProject
Project("{FAE04EC0-301F-11D3-BF4B-00C04F79EFBC}") = "DawnXZ.DBUtility.Mssql20", "DawnXZ.DBUtility.Mssql20\DawnXZ.DBUtility.Mssql20.csproj", "{AA8D00B6-9110-4E67-A365-6868368875A6}"
EndProject
Project("{FAE04EC0-301F-11D3-BF4B-00C04F79EFBC}") = "DawnXZ.DBUtility.ODBC20", "DawnXZ.DBUtility.ODBC20\DawnXZ.DBUtility.ODBC20.csproj", "{85C5F1D7-5D04-4194-A5CA-BD36242E293E}"
EndProject
Project("{FAE04EC0-301F-11D3-BF4B-00C04F79EFBC}") = "DawnXZ.DBUtility.Oracle20", "DawnXZ.DBUtility.Oracle20\DawnXZ.DBUtility.Oracle20.csproj", "{151D8C4C-639E-4841-9965-54417B0D32DE}"
EndProject
Project("{FAE04EC0-301F-11D3-BF4B-00C04F79EFBC}") = "DawnXZ.DBUtility.Sqlce20", "DawnXZ.DBUtility.Sqlce20\DawnXZ.DBUtility.Sqlce20.csproj", "{326B0F2E-486F-48E2-BD0B-72A79D021E44}"
EndProject
Project("{FAE04EC0-301F-11D3-BF4B-00C04F79EFBC}") = "DawnXZ.DBUtility.SQLite20", "DawnXZ.DBUtility.SQLite20\DawnXZ.DBUtility.SQLite20.csproj", "{610F5840-5A3C-463E-B66B-25AD4BFDDAF5}"
EndProject
Project("{FAE04EC0-301F-11D3-BF4B-00C04F79EFBC}") = "DawnXZ.PagerUtility20", "DawnXZ.PagerUtility20\DawnXZ.PagerUtility20.csproj", "{9893D055-C473-41B4-AB59-00EFF0F04614}"
EndProject
Project("{FAE04EC0-301F-11D3-BF4B-00C04F79EFBC}") = "DawnXZ.SafeUtility20", "DawnXZ.SafeUtility20\DawnXZ.SafeUtility20.csproj", "{D341D87A-BA2F-45FD-A828-EB05AA05EA75}"
EndProject
Project("{FAE04EC0-301F-11D3-BF4B-00C04F79EFBC}") = "DawnXZ.VerifyUtility20", "DawnXZ.VerifyUtility20\DawnXZ.VerifyUtility20.csproj", "{E6AEC4E1-00A7-41FD-A481-0A4D885775BF}"
EndProject
Project("{FAE04EC0-301F-11D3-BF4B-00C04F79EFBC}") = "DawnXZ.WebUtility20", "DawnXZ.WebUtility20\DawnXZ.WebUtility20.csproj", "{605299D1-62E5-471E-A8D5-9EC6DA5C0EFD}"
EndProject
Project("{FAE04EC0-301F-11D3-BF4B-00C04F79EFBC}") = "DawnXZ.DBUtility.MongoDB", "DawnXZ.DBUtility.MongoDB\DawnXZ.DBUtility.MongoDB.csproj", "{BF967D20-4B95-452F-9E2C-2C24A2BB20CB}"
EndProject
Project("{FAE04EC0-301F-11D3-BF4B-00C04F79EFBC}") = "DawnXZ.DawnApp", "DawnXZ.DawnApp\DawnXZ.DawnApp.csproj", "{D00669A9-7113-4B20-B9CB-332ECA9B5BC8}"
EndProject
Project("{FAE04EC0-301F-11D3-BF4B-00C04F79EFBC}") = "DawnXZ.NuclearUtility", "DawnXZ.NuclearUtility\DawnXZ.NuclearUtility.csproj", "{101FFCF8-9F0D-45D5-96A1-2FD306B9BFA9}"
EndProject
Project("{FAE04EC0-301F-11D3-BF4B-00C04F79EFBC}") = "DawnXZ.NuclearUtility20", "DawnXZ.NuclearUtility20\DawnXZ.NuclearUtility20.csproj", "{48A85EF3-18F3-4968-AA8D-9F24CA1F4C56}"
EndProject
Global
	GlobalSection(SolutionConfigurationPlatforms) = preSolution
		Debug|Any CPU = Debug|Any CPU
		Release|Any CPU = Release|Any CPU
	EndGlobalSection
	GlobalSection(ProjectConfigurationPlatforms) = postSolution
		{45AF8A4D-B59D-4ED8-A12C-437200871662}.Debug|Any CPU.ActiveCfg = Release|Any CPU
		{45AF8A4D-B59D-4ED8-A12C-437200871662}.Debug|Any CPU.Build.0 = Release|Any CPU
		{45AF8A4D-B59D-4ED8-A12C-437200871662}.Release|Any CPU.ActiveCfg = Release|Any CPU
		{45AF8A4D-B59D-4ED8-A12C-437200871662}.Release|Any CPU.Build.0 = Release|Any CPU
		{AD3504F1-81BC-4C7C-9080-F7743365E9E3}.Debug|Any CPU.ActiveCfg = Release|Any CPU
		{AD3504F1-81BC-4C7C-9080-F7743365E9E3}.Debug|Any CPU.Build.0 = Release|Any CPU
		{AD3504F1-81BC-4C7C-9080-F7743365E9E3}.Release|Any CPU.ActiveCfg = Release|Any CPU
		{AD3504F1-81BC-4C7C-9080-F7743365E9E3}.Release|Any CPU.Build.0 = Release|Any CPU
		{62D2FF77-B898-4D12-84F8-C9C57A6B4C52}.Debug|Any CPU.ActiveCfg = Release|Any CPU
		{62D2FF77-B898-4D12-84F8-C9C57A6B4C52}.Debug|Any CPU.Build.0 = Release|Any CPU
		{62D2FF77-B898-4D12-84F8-C9C57A6B4C52}.Release|Any CPU.ActiveCfg = Release|Any CPU
		{62D2FF77-B898-4D12-84F8-C9C57A6B4C52}.Release|Any CPU.Build.0 = Release|Any CPU
		{D443811F-7D84-4E2C-AD51-9F87DFF18074}.Debug|Any CPU.ActiveCfg = Debug|Any CPU
		{D443811F-7D84-4E2C-AD51-9F87DFF18074}.Debug|Any CPU.Build.0 = Debug|Any CPU
		{D443811F-7D84-4E2C-AD51-9F87DFF18074}.Release|Any CPU.ActiveCfg = Release|Any CPU
		{D443811F-7D84-4E2C-AD51-9F87DFF18074}.Release|Any CPU.Build.0 = Release|Any CPU
		{A0EB99F0-2717-4837-BFC1-504192F7E474}.Debug|Any CPU.ActiveCfg = Debug|Any CPU
		{A0EB99F0-2717-4837-BFC1-504192F7E474}.Debug|Any CPU.Build.0 = Debug|Any CPU
		{A0EB99F0-2717-4837-BFC1-504192F7E474}.Release|Any CPU.ActiveCfg = Release|Any CPU
		{A0EB99F0-2717-4837-BFC1-504192F7E474}.Release|Any CPU.Build.0 = Release|Any CPU
		{27B69A63-D564-4162-940C-741C218CAE38}.Debug|Any CPU.ActiveCfg = Debug|Any CPU
		{27B69A63-D564-4162-940C-741C218CAE38}.Debug|Any CPU.Build.0 = Debug|Any CPU
		{27B69A63-D564-4162-940C-741C218CAE38}.Release|Any CPU.ActiveCfg = Release|Any CPU
		{27B69A63-D564-4162-940C-741C218CAE38}.Release|Any CPU.Build.0 = Release|Any CPU
		{82A03AA5-2F17-4427-AB02-52ABBD4A2489}.Debug|Any CPU.ActiveCfg = Debug|Any CPU
		{82A03AA5-2F17-4427-AB02-52ABBD4A2489}.Debug|Any CPU.Build.0 = Debug|Any CPU
		{82A03AA5-2F17-4427-AB02-52ABBD4A2489}.Release|Any CPU.ActiveCfg = Release|Any CPU
		{82A03AA5-2F17-4427-AB02-52ABBD4A2489}.Release|Any CPU.Build.0 = Release|Any CPU
		{23CB010E-8131-45E2-99CF-69D55D0E65C2}.Debug|Any CPU.ActiveCfg = Debug|Any CPU
		{23CB010E-8131-45E2-99CF-69D55D0E65C2}.Debug|Any CPU.Build.0 = Debug|Any CPU
		{23CB010E-8131-45E2-99CF-69D55D0E65C2}.Release|Any CPU.ActiveCfg = Release|Any CPU
		{23CB010E-8131-45E2-99CF-69D55D0E65C2}.Release|Any CPU.Build.0 = Release|Any CPU
		{41281A82-435F-478D-BBDD-A861681DD790}.Debug|Any CPU.ActiveCfg = Debug|Any CPU
		{41281A82-435F-478D-BBDD-A861681DD790}.Debug|Any CPU.Build.0 = Debug|Any CPU
		{41281A82-435F-478D-BBDD-A861681DD790}.Release|Any CPU.ActiveCfg = Release|Any CPU
		{41281A82-435F-478D-BBDD-A861681DD790}.Release|Any CPU.Build.0 = Release|Any CPU
		{A29D068C-CDC5-49FB-8DB9-47B0E286F312}.Debug|Any CPU.ActiveCfg = Debug|Any CPU
		{A29D068C-CDC5-49FB-8DB9-47B0E286F312}.Debug|Any CPU.Build.0 = Debug|Any CPU
		{A29D068C-CDC5-49FB-8DB9-47B0E286F312}.Release|Any CPU.ActiveCfg = Release|Any CPU
		{A29D068C-CDC5-49FB-8DB9-47B0E286F312}.Release|Any CPU.Build.0 = Release|Any CPU
		{A8E07BD1-BE2C-4F5A-8887-7CE81067A39B}.Debug|Any CPU.ActiveCfg = Debug|Any CPU
		{A8E07BD1-BE2C-4F5A-8887-7CE81067A39B}.Debug|Any CPU.Build.0 = Debug|Any CPU
		{A8E07BD1-BE2C-4F5A-8887-7CE81067A39B}.Release|Any CPU.ActiveCfg = Release|Any CPU
		{A8E07BD1-BE2C-4F5A-8887-7CE81067A39B}.Release|Any CPU.Build.0 = Release|Any CPU
		{DB3C18DB-7985-43D6-ACF3-D55C5E4D6E5A}.Debug|Any CPU.ActiveCfg = Debug|Any CPU
		{DB3C18DB-7985-43D6-ACF3-D55C5E4D6E5A}.Debug|Any CPU.Build.0 = Debug|Any CPU
		{DB3C18DB-7985-43D6-ACF3-D55C5E4D6E5A}.Release|Any CPU.ActiveCfg = Release|Any CPU
		{DB3C18DB-7985-43D6-ACF3-D55C5E4D6E5A}.Release|Any CPU.Build.0 = Release|Any CPU
		{02D4891C-A58E-4A27-83FD-B4CD6A9791D9}.Debug|Any CPU.ActiveCfg = Debug|Any CPU
		{02D4891C-A58E-4A27-83FD-B4CD6A9791D9}.Debug|Any CPU.Build.0 = Debug|Any CPU
		{02D4891C-A58E-4A27-83FD-B4CD6A9791D9}.Release|Any CPU.ActiveCfg = Release|Any CPU
		{02D4891C-A58E-4A27-83FD-B4CD6A9791D9}.Release|Any CPU.Build.0 = Release|Any CPU
		{029ED27D-20DC-4CD7-9A3A-0B203B2CE803}.Debug|Any CPU.ActiveCfg = Debug|Any CPU
		{029ED27D-20DC-4CD7-9A3A-0B203B2CE803}.Release|Any CPU.ActiveCfg = Release|Any CPU
		{F88CD432-40FC-4CAE-B37E-2F2E1DEB7DD6}.Debug|Any CPU.ActiveCfg = Debug|Any CPU
		{F88CD432-40FC-4CAE-B37E-2F2E1DEB7DD6}.Debug|Any CPU.Build.0 = Debug|Any CPU
		{F88CD432-40FC-4CAE-B37E-2F2E1DEB7DD6}.Release|Any CPU.ActiveCfg = Release|Any CPU
		{F88CD432-40FC-4CAE-B37E-2F2E1DEB7DD6}.Release|Any CPU.Build.0 = Release|Any CPU
		{E7B0481B-172C-4115-B33D-FF7C231E81EE}.Debug|Any CPU.ActiveCfg = Debug|Any CPU
		{E7B0481B-172C-4115-B33D-FF7C231E81EE}.Debug|Any CPU.Build.0 = Debug|Any CPU
		{E7B0481B-172C-4115-B33D-FF7C231E81EE}.Release|Any CPU.ActiveCfg = Release|Any CPU
		{E7B0481B-172C-4115-B33D-FF7C231E81EE}.Release|Any CPU.Build.0 = Release|Any CPU
		{721BD0CE-89C1-4454-890A-B6350AFA9A5E}.Debug|Any CPU.ActiveCfg = Debug|Any CPU
		{721BD0CE-89C1-4454-890A-B6350AFA9A5E}.Debug|Any CPU.Build.0 = Debug|Any CPU
		{721BD0CE-89C1-4454-890A-B6350AFA9A5E}.Release|Any CPU.ActiveCfg = Release|Any CPU
		{721BD0CE-89C1-4454-890A-B6350AFA9A5E}.Release|Any CPU.Build.0 = Release|Any CPU
		{6ADC8325-A4C2-4CEE-91A6-48C79A39D7AC}.Debug|Any CPU.ActiveCfg = Debug|Any CPU
		{6ADC8325-A4C2-4CEE-91A6-48C79A39D7AC}.Debug|Any CPU.Build.0 = Debug|Any CPU
		{6ADC8325-A4C2-4CEE-91A6-48C79A39D7AC}.Release|Any CPU.ActiveCfg = Release|Any CPU
		{6ADC8325-A4C2-4CEE-91A6-48C79A39D7AC}.Release|Any CPU.Build.0 = Release|Any CPU
		{AA8D00B6-9110-4E67-A365-6868368875A6}.Debug|Any CPU.ActiveCfg = Debug|Any CPU
		{AA8D00B6-9110-4E67-A365-6868368875A6}.Debug|Any CPU.Build.0 = Debug|Any CPU
		{AA8D00B6-9110-4E67-A365-6868368875A6}.Release|Any CPU.ActiveCfg = Release|Any CPU
		{AA8D00B6-9110-4E67-A365-6868368875A6}.Release|Any CPU.Build.0 = Release|Any CPU
		{85C5F1D7-5D04-4194-A5CA-BD36242E293E}.Debug|Any CPU.ActiveCfg = Debug|Any CPU
		{85C5F1D7-5D04-4194-A5CA-BD36242E293E}.Debug|Any CPU.Build.0 = Debug|Any CPU
		{85C5F1D7-5D04-4194-A5CA-BD36242E293E}.Release|Any CPU.ActiveCfg = Release|Any CPU
		{85C5F1D7-5D04-4194-A5CA-BD36242E293E}.Release|Any CPU.Build.0 = Release|Any CPU
		{151D8C4C-639E-4841-9965-54417B0D32DE}.Debug|Any CPU.ActiveCfg = Debug|Any CPU
		{151D8C4C-639E-4841-9965-54417B0D32DE}.Debug|Any CPU.Build.0 = Debug|Any CPU
		{151D8C4C-639E-4841-9965-54417B0D32DE}.Release|Any CPU.ActiveCfg = Release|Any CPU
		{151D8C4C-639E-4841-9965-54417B0D32DE}.Release|Any CPU.Build.0 = Release|Any CPU
		{326B0F2E-486F-48E2-BD0B-72A79D021E44}.Debug|Any CPU.ActiveCfg = Debug|Any CPU
		{326B0F2E-486F-48E2-BD0B-72A79D021E44}.Debug|Any CPU.Build.0 = Debug|Any CPU
		{326B0F2E-486F-48E2-BD0B-72A79D021E44}.Release|Any CPU.ActiveCfg = Release|Any CPU
		{326B0F2E-486F-48E2-BD0B-72A79D021E44}.Release|Any CPU.Build.0 = Release|Any CPU
		{610F5840-5A3C-463E-B66B-25AD4BFDDAF5}.Debug|Any CPU.ActiveCfg = Debug|Any CPU
		{610F5840-5A3C-463E-B66B-25AD4BFDDAF5}.Debug|Any CPU.Build.0 = Debug|Any CPU
		{610F5840-5A3C-463E-B66B-25AD4BFDDAF5}.Release|Any CPU.ActiveCfg = Release|Any CPU
		{610F5840-5A3C-463E-B66B-25AD4BFDDAF5}.Release|Any CPU.Build.0 = Release|Any CPU
		{9893D055-C473-41B4-AB59-00EFF0F04614}.Debug|Any CPU.ActiveCfg = Debug|Any CPU
		{9893D055-C473-41B4-AB59-00EFF0F04614}.Debug|Any CPU.Build.0 = Debug|Any CPU
		{9893D055-C473-41B4-AB59-00EFF0F04614}.Release|Any CPU.ActiveCfg = Release|Any CPU
		{9893D055-C473-41B4-AB59-00EFF0F04614}.Release|Any CPU.Build.0 = Release|Any CPU
		{D341D87A-BA2F-45FD-A828-EB05AA05EA75}.Debug|Any CPU.ActiveCfg = Debug|Any CPU
		{D341D87A-BA2F-45FD-A828-EB05AA05EA75}.Debug|Any CPU.Build.0 = Debug|Any CPU
		{D341D87A-BA2F-45FD-A828-EB05AA05EA75}.Release|Any CPU.ActiveCfg = Release|Any CPU
		{D341D87A-BA2F-45FD-A828-EB05AA05EA75}.Release|Any CPU.Build.0 = Release|Any CPU
		{E6AEC4E1-00A7-41FD-A481-0A4D885775BF}.Debug|Any CPU.ActiveCfg = Debug|Any CPU
		{E6AEC4E1-00A7-41FD-A481-0A4D885775BF}.Debug|Any CPU.Build.0 = Debug|Any CPU
		{E6AEC4E1-00A7-41FD-A481-0A4D885775BF}.Release|Any CPU.ActiveCfg = Release|Any CPU
		{E6AEC4E1-00A7-41FD-A481-0A4D885775BF}.Release|Any CPU.Build.0 = Release|Any CPU
		{605299D1-62E5-471E-A8D5-9EC6DA5C0EFD}.Debug|Any CPU.ActiveCfg = Debug|Any CPU
		{605299D1-62E5-471E-A8D5-9EC6DA5C0EFD}.Debug|Any CPU.Build.0 = Debug|Any CPU
		{605299D1-62E5-471E-A8D5-9EC6DA5C0EFD}.Release|Any CPU.ActiveCfg = Release|Any CPU
		{605299D1-62E5-471E-A8D5-9EC6DA5C0EFD}.Release|Any CPU.Build.0 = Release|Any CPU
		{BF967D20-4B95-452F-9E2C-2C24A2BB20CB}.Debug|Any CPU.ActiveCfg = Debug|Any CPU
		{BF967D20-4B95-452F-9E2C-2C24A2BB20CB}.Debug|Any CPU.Build.0 = Debug|Any CPU
		{BF967D20-4B95-452F-9E2C-2C24A2BB20CB}.Release|Any CPU.ActiveCfg = Release|Any CPU
		{BF967D20-4B95-452F-9E2C-2C24A2BB20CB}.Release|Any CPU.Build.0 = Release|Any CPU
		{D00669A9-7113-4B20-B9CB-332ECA9B5BC8}.Debug|Any CPU.ActiveCfg = Debug|Any CPU
		{D00669A9-7113-4B20-B9CB-332ECA9B5BC8}.Debug|Any CPU.Build.0 = Debug|Any CPU
		{D00669A9-7113-4B20-B9CB-332ECA9B5BC8}.Release|Any CPU.ActiveCfg = Release|Any CPU
		{D00669A9-7113-4B20-B9CB-332ECA9B5BC8}.Release|Any CPU.Build.0 = Release|Any CPU
		{101FFCF8-9F0D-45D5-96A1-2FD306B9BFA9}.Debug|Any CPU.ActiveCfg = Debug|Any CPU
		{101FFCF8-9F0D-45D5-96A1-2FD306B9BFA9}.Debug|Any CPU.Build.0 = Debug|Any CPU
		{101FFCF8-9F0D-45D5-96A1-2FD306B9BFA9}.Release|Any CPU.ActiveCfg = Release|Any CPU
		{101FFCF8-9F0D-45D5-96A1-2FD306B9BFA9}.Release|Any CPU.Build.0 = Release|Any CPU
		{48A85EF3-18F3-4968-AA8D-9F24CA1F4C56}.Debug|Any CPU.ActiveCfg = Debug|Any CPU
		{48A85EF3-18F3-4968-AA8D-9F24CA1F4C56}.Debug|Any CPU.Build.0 = Debug|Any CPU
		{48A85EF3-18F3-4968-AA8D-9F24CA1F4C56}.Release|Any CPU.ActiveCfg = Release|Any CPU
		{48A85EF3-18F3-4968-AA8D-9F24CA1F4C56}.Release|Any CPU.Build.0 = Release|Any CPU
	EndGlobalSection
	GlobalSection(SolutionProperties) = preSolution
		HideSolutionNode = FALSE
	EndGlobalSection
	GlobalSection(ExtensibilityGlobals) = postSolution
		SolutionGuid = {1D236B57-75E3-4745-9A93-EFBD03B0FB61}
	EndGlobalSection
EndGlobal
